{
  "name": "elysia-prometheus-metrics",
  "version": "1.3.0",
  "lockfileVersion": 3,
  "requires": true,
  "packages": {
    "": {
      "name": "elysia-prometheus-metrics",
      "version": "1.3.0",
      "license": "MIT",
      "devDependencies": {
        "bun-types": "latest",
        "elysia": "^1.0.21",
        "typescript": "^5.4.5"
      }
    },
    "node_modules/@sinclair/typebox": {
      "version": "0.32.31",
      "resolved": "https://registry.npmjs.org/@sinclair/typebox/-/typebox-0.32.31.tgz",
      "integrity": "sha512-rYB0tgGHawpom3ZwwsGidvI0NI+W/rRHu1dyyO1KlIoH8iMdg3esSnYQxQtyJ8eflhqxmzEV7Nu8zT4JY7CHKw==",
      "dev": true
    },
    "node_modules/bun-types": {
      "version": "1.0.14",
      "resolved": "https://registry.npmjs.org/bun-types/-/bun-types-1.0.14.tgz",
      "integrity": "sha512-hLVfM2fk8xSJeobfuPGilfvxM5gLtEy1bn7RJhrtw3u4OaC0kieXKYFFTVHU8jZ3hj8YyPLIFClIUodkFSrMBQ==",
      "dev": true
    },
    "node_modules/cookie": {
      "version": "0.6.0",
      "dev": true,
      "license": "MIT",
      "engines": {
        "node": ">= 0.6"
      }
    },
    "node_modules/elysia": {
      "version": "1.0.22",
      "resolved": "https://registry.npmjs.org/elysia/-/elysia-1.0.22.tgz",
      "integrity": "sha512-bEdO6glElFciGvtYGzZoQ4mZyfTCNGm63jpCvPYIs+cC65i37qP93DFT+ZasB3s4m5HnavklCuXHKtuo5X2o8A==",
      "dev": true,
      "dependencies": {
        "@sinclair/typebox": "^0.32.15",
        "cookie": "^0.6.0",
        "eventemitter3": "^5.0.1",
        "fast-decode-uri-component": "^1.0.1",
        "fast-querystring": "^1.1.2",
        "openapi-types": "^12.1.3"
      },
      "peerDependencies": {
        "@sinclair/typebox": ">= 0.31.0",
        "openapi-types": ">= 12.0.0",
        "typescript": ">= 5.0.0"
      },
      "peerDependenciesMeta": {
        "openapi-types": {
          "optional": true
        },
        "typescript": {
          "optional": true
        }
      }
    },
    "node_modules/eventemitter3": {
      "version": "5.0.1",
      "dev": true,
      "license": "MIT"
    },
    "node_modules/fast-decode-uri-component": {
      "version": "1.0.1",
      "dev": true,
      "license": "MIT"
    },
    "node_modules/fast-querystring": {
      "version": "1.1.2",
      "dev": true,
      "license": "MIT",
      "dependencies": {
        "fast-decode-uri-component": "^1.0.1"
      }
    },
    "node_modules/openapi-types": {
      "version": "12.1.3",
      "dev": true,
      "license": "MIT"
    },
    "node_modules/typescript": {
      "version": "5.4.5",
      "resolved": "https://registry.npmjs.org/typescript/-/typescript-5.4.5.tgz",
      "integrity": "sha512-vcI4UpRgg81oIRUFwR0WSIHKt11nJ7SAVlYNIu+QpqeyXP+gpQJy/Z4+F0aGxSE4MqwjyXvW/TzgkLAx2AGHwQ==",
      "dev": true,
      "bin": {
        "tsc": "bin/tsc",
        "tsserver": "bin/tsserver"
      },
      "engines": {
        "node": ">=14.17"
      }
    }
  }
}
